
Microsoft Visual Studio Solution File, Format Version 12.00
# Visual Studio Version 17
VisualStudioVersion = 17.9.34728.123
MinimumVisualStudioVersion = 10.0.40219.1
Project("{FAE04EC0-301F-11D3-BF4B-00C04F79EFBC}") = "RC System", "RC System.csproj", "{57A0B4A4-3672-4614-A72F-70B05E0BEAA1}"
EndProject
Global
	GlobalSection(SolutionConfigurationPlatforms) = preSolution
		Debug|Any CPU = Debug|Any CPU
		Release|Any CPU = Release|Any CPU
	EndGlobalSection
	GlobalSection(ProjectConfigurationPlatforms) = postSolution
		{57A0B4A4-3672-4614-A72F-70B05E0BEAA1}.Debug|Any CPU.ActiveCfg = Debug|Any CPU
		{57A0B4A4-3672-4614-A72F-70B05E0BEAA1}.Debug|Any CPU.Build.0 = Debug|Any CPU
		{57A0B4A4-3672-4614-A72F-70B05E0BEAA1}.Release|Any CPU.ActiveCfg = Release|Any CPU
		{57A0B4A4-3672-4614-A72F-70B05E0BEAA1}.Release|Any CPU.Build.0 = Release|Any CPU
	EndGlobalSection
	GlobalSection(SolutionProperties) = preSolution
		HideSolutionNode = FALSE
	EndGlobalSection
	GlobalSection(ExtensibilityGlobals) = postSolution
		SolutionGuid = {7F0F8D10-E70D-4DBD-AF15-84E8930EA9F8}
	EndGlobalSection
EndGlobal
